
Microsoft Visual Studio Solution File, Format Version 12.00
# Visual Studio 2012
Project("{FAE04EC0-301F-11D3-BF4B-00C04F79EFBC}") = "InmutableCollectionTest", "InmutableCollectionTest\InmutableCollectionTest.csproj", "{BB738968-6938-4094-BB10-A31E00CA44C3}"
EndProject
Global
	GlobalSection(SolutionConfigurationPlatforms) = preSolution
		Debug|Any CPU = Debug|Any CPU
		Release|Any CPU = Release|Any CPU
	EndGlobalSection
	GlobalSection(ProjectConfigurationPlatforms) = postSolution
		{BB738968-6938-4094-BB10-A31E00CA44C3}.Debug|Any CPU.ActiveCfg = Debug|Any CPU
		{BB738968-6938-4094-BB10-A31E00CA44C3}.Debug|Any CPU.Build.0 = Debug|Any CPU
		{BB738968-6938-4094-BB10-A31E00CA44C3}.Release|Any CPU.ActiveCfg = Release|Any CPU
		{BB738968-6938-4094-BB10-A31E00CA44C3}.Release|Any CPU.Build.0 = Release|Any CPU
	EndGlobalSection
EndGlobal
